
Microsoft Visual Studio Solution File, Format Version 11.00
# Visual Studio 2010
Project("{FAE04EC0-301F-11D3-BF4B-00C04F79EFBC}") = "SimpleQuery.Core", "SimpleQuery.Core\SimpleQuery.Core.csproj", "{098D51F3-2C1D-4FD1-92F7-A6AF89052528}"
EndProject
Project("{FAE04EC0-301F-11D3-BF4B-00C04F79EFBC}") = "SimpleQuery.Impl", "SimpleQuery.Impl\SimpleQuery.Impl.csproj", "{2F086F32-8B89-4008-8658-3E8F28725C15}"
EndProject
Project("{FAE04EC0-301F-11D3-BF4B-00C04F79EFBC}") = "SimpleQuery.Example.ViewModel", "SimpleQuery.Example.ViewModel\SimpleQuery.Example.ViewModel.csproj", "{49083B0D-867B-45D4-A79D-6457BD2DDC5B}"
EndProject
Project("{2150E333-8FDC-42A3-9474-1A3956D46DE8}") = "Framework", "Framework", "{841BB488-1D0E-4BC0-BE72-A287B245BF5F}"
EndProject
Project("{2150E333-8FDC-42A3-9474-1A3956D46DE8}") = "Example", "Example", "{9D972969-1150-42D0-A343-FC2F4D6442F4}"
EndProject
Project("{FAE04EC0-301F-11D3-BF4B-00C04F79EFBC}") = "SimpleQuery.Example.Application", "SimpleQuery.Example.Application\SimpleQuery.Example.Application.csproj", "{2B4D0DAC-4F86-4578-9B85-FD5BA74B2ABD}"
EndProject
Global
	GlobalSection(SolutionConfigurationPlatforms) = preSolution
		Debug|Any CPU = Debug|Any CPU
		Release|Any CPU = Release|Any CPU
	EndGlobalSection
	GlobalSection(ProjectConfigurationPlatforms) = postSolution
		{098D51F3-2C1D-4FD1-92F7-A6AF89052528}.Debug|Any CPU.ActiveCfg = Debug|Any CPU
		{098D51F3-2C1D-4FD1-92F7-A6AF89052528}.Debug|Any CPU.Build.0 = Debug|Any CPU
		{098D51F3-2C1D-4FD1-92F7-A6AF89052528}.Release|Any CPU.ActiveCfg = Release|Any CPU
		{098D51F3-2C1D-4FD1-92F7-A6AF89052528}.Release|Any CPU.Build.0 = Release|Any CPU
		{2F086F32-8B89-4008-8658-3E8F28725C15}.Debug|Any CPU.ActiveCfg = Debug|Any CPU
		{2F086F32-8B89-4008-8658-3E8F28725C15}.Debug|Any CPU.Build.0 = Debug|Any CPU
		{2F086F32-8B89-4008-8658-3E8F28725C15}.Release|Any CPU.ActiveCfg = Release|Any CPU
		{2F086F32-8B89-4008-8658-3E8F28725C15}.Release|Any CPU.Build.0 = Release|Any CPU
		{49083B0D-867B-45D4-A79D-6457BD2DDC5B}.Debug|Any CPU.ActiveCfg = Debug|Any CPU
		{49083B0D-867B-45D4-A79D-6457BD2DDC5B}.Debug|Any CPU.Build.0 = Debug|Any CPU
		{49083B0D-867B-45D4-A79D-6457BD2DDC5B}.Release|Any CPU.ActiveCfg = Release|Any CPU
		{49083B0D-867B-45D4-A79D-6457BD2DDC5B}.Release|Any CPU.Build.0 = Release|Any CPU
		{2B4D0DAC-4F86-4578-9B85-FD5BA74B2ABD}.Debug|Any CPU.ActiveCfg = Debug|Any CPU
		{2B4D0DAC-4F86-4578-9B85-FD5BA74B2ABD}.Debug|Any CPU.Build.0 = Debug|Any CPU
		{2B4D0DAC-4F86-4578-9B85-FD5BA74B2ABD}.Release|Any CPU.ActiveCfg = Release|Any CPU
		{2B4D0DAC-4F86-4578-9B85-FD5BA74B2ABD}.Release|Any CPU.Build.0 = Release|Any CPU
	EndGlobalSection
	GlobalSection(SolutionProperties) = preSolution
		HideSolutionNode = FALSE
	EndGlobalSection
	GlobalSection(NestedProjects) = preSolution
		{098D51F3-2C1D-4FD1-92F7-A6AF89052528} = {841BB488-1D0E-4BC0-BE72-A287B245BF5F}
		{2F086F32-8B89-4008-8658-3E8F28725C15} = {841BB488-1D0E-4BC0-BE72-A287B245BF5F}
		{49083B0D-867B-45D4-A79D-6457BD2DDC5B} = {9D972969-1150-42D0-A343-FC2F4D6442F4}
		{2B4D0DAC-4F86-4578-9B85-FD5BA74B2ABD} = {9D972969-1150-42D0-A343-FC2F4D6442F4}
	EndGlobalSection
EndGlobal
